
Microsoft Visual Studio Solution File, Format Version 12.00
# Visual Studio Version 16
VisualStudioVersion = 16.0.30611.23
MinimumVisualStudioVersion = 10.0.40219.1
Project("{9A19103F-16F7-4668-BE54-9A1E7A4F7556}") = "ResumeDemo", "ResumeDemo.csproj", "{5F1AF6E7-BD96-4375-97B4-356EDF87B4C7}"
EndProject
Global
	GlobalSection(SolutionConfigurationPlatforms) = preSolution
		Debug|Any CPU = Debug|Any CPU
		Release|Any CPU = Release|Any CPU
	EndGlobalSection
	GlobalSection(ProjectConfigurationPlatforms) = postSolution
		{5F1AF6E7-BD96-4375-97B4-356EDF87B4C7}.Debug|Any CPU.ActiveCfg = Debug|Any CPU
		{5F1AF6E7-BD96-4375-97B4-356EDF87B4C7}.Debug|Any CPU.Build.0 = Debug|Any CPU
		{5F1AF6E7-BD96-4375-97B4-356EDF87B4C7}.Release|Any CPU.ActiveCfg = Release|Any CPU
		{5F1AF6E7-BD96-4375-97B4-356EDF87B4C7}.Release|Any CPU.Build.0 = Release|Any CPU
	EndGlobalSection
	GlobalSection(SolutionProperties) = preSolution
		HideSolutionNode = FALSE
	EndGlobalSection
	GlobalSection(ExtensibilityGlobals) = postSolution
		SolutionGuid = {DE47EDDC-C20E-4519-B28C-4E0F71B01A63}
	EndGlobalSection
EndGlobal
